
Microsoft Visual Studio Solution File, Format Version 12.00
# Visual Studio Version 17
VisualStudioVersion = 17.0.31919.166
MinimumVisualStudioVersion = 10.0.40219.1
Project("{FAE04EC0-301F-11D3-BF4B-00C04F79EFBC}") = "Projeto01", "Projeto01\Projeto01.csproj", "{AE5B698F-B740-4F1C-B55C-25F3469DA2DB}"
EndProject
Global
	GlobalSection(SolutionConfigurationPlatforms) = preSolution
		Debug|Any CPU = Debug|Any CPU
		Release|Any CPU = Release|Any CPU
	EndGlobalSection
	GlobalSection(ProjectConfigurationPlatforms) = postSolution
		{AE5B698F-B740-4F1C-B55C-25F3469DA2DB}.Debug|Any CPU.ActiveCfg = Debug|Any CPU
		{AE5B698F-B740-4F1C-B55C-25F3469DA2DB}.Debug|Any CPU.Build.0 = Debug|Any CPU
		{AE5B698F-B740-4F1C-B55C-25F3469DA2DB}.Release|Any CPU.ActiveCfg = Release|Any CPU
		{AE5B698F-B740-4F1C-B55C-25F3469DA2DB}.Release|Any CPU.Build.0 = Release|Any CPU
	EndGlobalSection
	GlobalSection(SolutionProperties) = preSolution
		HideSolutionNode = FALSE
	EndGlobalSection
	GlobalSection(ExtensibilityGlobals) = postSolution
		SolutionGuid = {806F32E4-3A1F-4F6D-9E61-7DCA1F0F52D9}
	EndGlobalSection
EndGlobal
